
Microsoft Visual Studio Solution File, Format Version 12.00
# Visual Studio Version 17
VisualStudioVersion = 17.6.33829.357
MinimumVisualStudioVersion = 10.0.40219.1
Project("{FAE04EC0-301F-11D3-BF4B-00C04F79EFBC}") = "CSharp_bai 8", "CSharp_bai 8.csproj", "{BBD55B0B-6894-4446-A5C7-9FC97EE348EF}"
EndProject
Global
	GlobalSection(SolutionConfigurationPlatforms) = preSolution
		Debug|Any CPU = Debug|Any CPU
		Release|Any CPU = Release|Any CPU
	EndGlobalSection
	GlobalSection(ProjectConfigurationPlatforms) = postSolution
		{BBD55B0B-6894-4446-A5C7-9FC97EE348EF}.Debug|Any CPU.ActiveCfg = Debug|Any CPU
		{BBD55B0B-6894-4446-A5C7-9FC97EE348EF}.Debug|Any CPU.Build.0 = Debug|Any CPU
		{BBD55B0B-6894-4446-A5C7-9FC97EE348EF}.Release|Any CPU.ActiveCfg = Release|Any CPU
		{BBD55B0B-6894-4446-A5C7-9FC97EE348EF}.Release|Any CPU.Build.0 = Release|Any CPU
	EndGlobalSection
	GlobalSection(SolutionProperties) = preSolution
		HideSolutionNode = FALSE
	EndGlobalSection
	GlobalSection(ExtensibilityGlobals) = postSolution
		SolutionGuid = {3835896C-F0DC-4D45-9D08-267828551D73}
	EndGlobalSection
EndGlobal
